
Microsoft Visual Studio Solution File, Format Version 12.00
# Visual Studio Version 17
VisualStudioVersion = 17.0.31919.166
MinimumVisualStudioVersion = 10.0.40219.1
Project("{FAE04EC0-301F-11D3-BF4B-00C04F79EFBC}") = "Smart Temperature Monitoring", "Smart Temperature Monitoring\Smart Temperature Monitoring.csproj", "{13BEF2B6-1B74-46FD-8413-52304ADACB06}"
EndProject
Global
	GlobalSection(SolutionConfigurationPlatforms) = preSolution
		Debug|Any CPU = Debug|Any CPU
		Release|Any CPU = Release|Any CPU
	EndGlobalSection
	GlobalSection(ProjectConfigurationPlatforms) = postSolution
		{13BEF2B6-1B74-46FD-8413-52304ADACB06}.Debug|Any CPU.ActiveCfg = Debug|Any CPU
		{13BEF2B6-1B74-46FD-8413-52304ADACB06}.Debug|Any CPU.Build.0 = Debug|Any CPU
		{13BEF2B6-1B74-46FD-8413-52304ADACB06}.Release|Any CPU.ActiveCfg = Release|Any CPU
		{13BEF2B6-1B74-46FD-8413-52304ADACB06}.Release|Any CPU.Build.0 = Release|Any CPU
	EndGlobalSection
	GlobalSection(SolutionProperties) = preSolution
		HideSolutionNode = FALSE
	EndGlobalSection
	GlobalSection(ExtensibilityGlobals) = postSolution
		SolutionGuid = {88F35F94-0AB1-4561-96A9-3695CF5FD220}
	EndGlobalSection
EndGlobal
